
Microsoft Visual Studio Solution File, Format Version 12.00
# Visual Studio Version 17
VisualStudioVersion = 17.11.35303.130
MinimumVisualStudioVersion = 10.0.40219.1
Project("{FAE04EC0-301F-11D3-BF4B-00C04F79EFBC}") = "Biblioteca1", "Biblioteca1\Biblioteca1.csproj", "{6CEEC5C7-270E-4C0C-9A24-8DD574B2F731}"
EndProject
Global
	GlobalSection(SolutionConfigurationPlatforms) = preSolution
		Debug|Any CPU = Debug|Any CPU
		Release|Any CPU = Release|Any CPU
	EndGlobalSection
	GlobalSection(ProjectConfigurationPlatforms) = postSolution
		{6CEEC5C7-270E-4C0C-9A24-8DD574B2F731}.Debug|Any CPU.ActiveCfg = Debug|Any CPU
		{6CEEC5C7-270E-4C0C-9A24-8DD574B2F731}.Debug|Any CPU.Build.0 = Debug|Any CPU
		{6CEEC5C7-270E-4C0C-9A24-8DD574B2F731}.Release|Any CPU.ActiveCfg = Release|Any CPU
		{6CEEC5C7-270E-4C0C-9A24-8DD574B2F731}.Release|Any CPU.Build.0 = Release|Any CPU
	EndGlobalSection
	GlobalSection(SolutionProperties) = preSolution
		HideSolutionNode = FALSE
	EndGlobalSection
	GlobalSection(ExtensibilityGlobals) = postSolution
		SolutionGuid = {6963C6EE-38BB-469A-BAD3-F7F2A04000EF}
	EndGlobalSection
EndGlobal
